// !$*UTF8*$!
{
	archiveVersion = 1;
	classes = {
	};
	objectVersion = 46;
	objects = {

/* Begin PBXBuildFile section */
		3EDF05D01C8739B60090385E /* ContacsManager.m in Sources */ = {isa = PBXBuildFile; fileRef = 3EDF05CF1C8739B60090385E /* ContacsManager.m */; };
		FF512DD91C866CCA00679985 /* main.m in Sources */ = {isa = PBXBuildFile; fileRef = FF512DD81C866CCA00679985 /* main.m */; };
		FF512DDC1C866CCA00679985 /* AppDelegate.m in Sources */ = {isa = PBXBuildFile; fileRef = FF512DDB1C866CCA00679985 /* AppDelegate.m */; };
		FF512DDF1C866CCA00679985 /* ViewController.m in Sources */ = {isa = PBXBuildFile; fileRef = FF512DDE1C866CCA00679985 /* ViewController.m */; };
		FF512DE21C866CCA00679985 /* Main.storyboard in Resources */ = {isa = PBXBuildFile; fileRef = FF512DE01C866CCA00679985 /* Main.storyboard */; };
		FF512DE41C866CCA00679985 /* Assets.xcassets in Resources */ = {isa = PBXBuildFile; fileRef = FF512DE31C866CCA00679985 /* Assets.xcassets */; };
		FF512DE71C866CCA00679985 /* LaunchScreen.storyboard in Resources */ = {isa = PBXBuildFile; fileRef = FF512DE51C866CCA00679985 /* LaunchScreen.storyboard */; };
		FF512DF21C866CCA00679985 /* DatabaseTestTests.m in Sources */ = {isa = PBXBuildFile; fileRef = FF512DF11C866CCA00679985 /* DatabaseTestTests.m */; };
		FF512DFD1C866CCA00679985 /* DatabaseTestUITests.m in Sources */ = {isa = PBXBuildFile; fileRef = FF512DFC1C866CCA00679985 /* DatabaseTestUITests.m */; };
		FF512E0B1C866CE500679985 /* libsqlite3.tbd in Frameworks */ = {isa = PBXBuildFile; fileRef = FF512E0A1C866CE500679985 /* libsqlite3.tbd */; };
		FF512E0E1C866D3000679985 /* DBManager.m in Sources */ = {isa = PBXBuildFile; fileRef = FF512E0D1C866D3000679985 /* DBManager.m */; };
/* End PBXBuildFile section */

/* Begin PBXContainerItemProxy section */
		FF512DEE1C866CCA00679985 /* PBXContainerItemProxy */ = {
			isa = PBXContainerItemProxy;
			containerPortal = FF512DCC1C866CCA00679985 /* Project object */;
			proxyType = 1;
			remoteGlobalIDString = FF512DD31C866CCA00679985;
			remoteInfo = DatabaseTest;
		};
		FF512DF91C866CCA00679985 /* PBXContainerItemProxy */ = {
			isa = PBXContainerItemProxy;
			containerPortal = FF512DCC1C866CCA00679985 /* Project object */;
			proxyType = 1;
			remoteGlobalIDString = FF512DD31C866CCA00679985;
			remoteInfo = DatabaseTest;
		};
/* End PBXContainerItemProxy section */

/* Begin PBXFileReference section */
		3EDF05CE1C8739B60090385E /* ContacsManager.h */ = {isa = PBXFileReference; fileEncoding = 4; lastKnownFileType = sourcecode.c.h; path = ContacsManager.h; sourceTree = "<group>"; };
		3EDF05CF1C8739B60090385E /* ContacsManager.m */ = {isa = PBXFileReference; fileEncoding = 4; lastKnownFileType = sourcecode.c.objc; path = ContacsManager.m; sourceTree = "<group>"; };
		FF512DD41C866CCA00679985 /* DatabaseTest.app */ = {isa = PBXFileReference; explicitFileType = wrapper.application; includeInIndex = 0; path = DatabaseTest.app; sourceTree = BUILT_PRODUCTS_DIR; };
		FF512DD81C866CCA00679985 /* main.m */ = {isa = PBXFileReference; lastKnownFileType = sourcecode.c.objc; path = main.m; sourceTree = "<group>"; };
		FF512DDA1C866CCA00679985 /* AppDelegate.h */ = {isa = PBXFileReference; lastKnownFileType = sourcecode.c.h; path = AppDelegate.h; sourceTree = "<group>"; };
		FF512DDB1C866CCA00679985 /* AppDelegate.m */ = {isa = PBXFileReference; lastKnownFileType = sourcecode.c.objc; path = AppDelegate.m; sourceTree = "<group>"; };
		FF512DDD1C866CCA00679985 /* ViewController.h */ = {isa = PBXFileReference; lastKnownFileType = sourcecode.c.h; path = ViewController.h; sourceTree = "<group>"; };
		FF512DDE1C866CCA00679985 /* ViewController.m */ = {isa = PBXFileReference; lastKnownFileType = sourcecode.c.objc; path = ViewController.m; sourceTree = "<group>"; };
		FF512DE11C866CCA00679985 /* Base */ = {isa = PBXFileReference; lastKnownFileType = file.storyboard; name = Base; path = Base.lproj/Main.storyboard; sourceTree = "<group>"; };
		FF512DE31C866CCA00679985 /* Assets.xcassets */ = {isa = PBXFileReference; lastKnownFileType = folder.assetcatalog; path = Assets.xcassets; sourceTree = "<group>"; };
		FF512DE61C866CCA00679985 /* Base */ = {isa = PBXFileReference; lastKnownFileType = file.storyboard; name = Base; path = Base.lproj/LaunchScreen.storyboard; sourceTree = "<group>"; };
		FF512DE81C866CCA00679985 /* Info.plist */ = {isa = PBXFileReference; lastKnownFileType = text.plist.xml; path = Info.plist; sourceTree = "<group>"; };
		FF512DED1C866CCA00679985 /* DatabaseTestTests.xctest */ = {isa = PBXFileReference; explicitFileType = wrapper.cfbundle; includeInIndex = 0; path = DatabaseTestTests.xctest; sourceTree = BUILT_PRODUCTS_DIR; };
		FF512DF11C866CCA00679985 /* DatabaseTestTests.m */ = {isa = PBXFileReference; lastKnownFileType = sourcecode.c.objc; path = DatabaseTestTests.m; sourceTree = "<group>"; };
		FF512DF31C866CCA00679985 /* Info.plist */ = {isa = PBXFileReference; lastKnownFileType = text.plist.xml; path = Info.plist; sourceTree = "<group>"; };
		FF512DF81C866CCA00679985 /* DatabaseTestUITests.xctest */ = {isa = PBXFileReference; explicitFileType = wrapper.cfbundle; includeInIndex = 0; path = DatabaseTestUITests.xctest; sourceTree = BUILT_PRODUCTS_DIR; };
		FF512DFC1C866CCA00679985 /* DatabaseTestUITests.m */ = {isa = PBXFileReference; lastKnownFileType = sourcecode.c.objc; path = DatabaseTestUITests.m; sourceTree = "<group>"; };
		FF512DFE1C866CCA00679985 /* Info.plist */ = {isa = PBXFileReference; lastKnownFileType = text.plist.xml; path = Info.plist; sourceTree = "<group>"; };
		FF512E0A1C866CE500679985 /* libsqlite3.tbd */ = {isa = PBXFileReference; lastKnownFileType = "sourcecode.text-based-dylib-definition"; name = libsqlite3.tbd; path = usr/lib/libsqlite3.tbd; sourceTree = SDKROOT; };
		FF512E0C1C866D3000679985 /* DBManager.h */ = {isa = PBXFileReference; fileEncoding = 4; lastKnownFileType = sourcecode.c.h; path = DBManager.h; sourceTree = "<group>"; };
		FF512E0D1C866D3000679985 /* DBManager.m */ = {isa = PBXFileReference; fileEncoding = 4; lastKnownFileType = sourcecode.c.objc; path = DBManager.m; sourceTree = "<group>"; };
		FF512E0F1C86704C00679985 /* libsqlite3.0.tbd */ = {isa = PBXFileReference; lastKnownFileType = "sourcecode.text-based-dylib-definition"; name = libsqlite3.0.tbd; path = usr/lib/libsqlite3.0.tbd; sourceTree = SDKROOT; };
/* End PBXFileReference section */

/* Begin PBXFrameworksBuildPhase section */
		FF512DD11C866CCA00679985 /* Frameworks */ = {
			isa = PBXFrameworksBuildPhase;
			buildActionMask = 2147483647;
			files = (
				FF512E0B1C866CE500679985 /* libsqlite3.tbd in Frameworks */,
			);
			runOnlyForDeploymentPostprocessing = 0;
		};
		FF512DEA1C866CCA00679985 /* Frameworks */ = {
			isa = PBXFrameworksBuildPhase;
			buildActionMask = 2147483647;
			files = (
			);
			runOnlyForDeploymentPostprocessing = 0;
		};
		FF512DF51C866CCA00679985 /* Frameworks */ = {
			isa = PBXFrameworksBuildPhase;
			buildActionMask = 2147483647;
			files = (
			);
			runOnlyForDeploymentPostprocessing = 0;
		};
/* End PBXFrameworksBuildPhase section */

/* Begin PBXGroup section */
		FF512DCB1C866CCA00679985 = {
			isa = PBXGroup;
			children = (
				FF512E0F1C86704C00679985 /* libsqlite3.0.tbd */,
				FF512E0A1C866CE500679985 /* libsqlite3.tbd */,
				FF512DD61C866CCA00679985 /* DatabaseTest */,
				FF512DF01C866CCA00679985 /* DatabaseTestTests */,
				FF512DFB1C866CCA00679985 /* DatabaseTestUITests */,
				FF512DD51C866CCA00679985 /* Products */,
			);
			sourceTree = "<group>";
		};
		FF512DD51C866CCA00679985 /* Products */ = {
			isa = PBXGroup;
			children = (
				FF512DD41C866CCA00679985 /* DatabaseTest.app */,
				FF512DED1C866CCA00679985 /* DatabaseTestTests.xctest */,
				FF512DF81C866CCA00679985 /* DatabaseTestUITests.xctest */,
			);
			name = Products;
			sourceTree = "<group>";
		};
		FF512DD61C866CCA00679985 /* DatabaseTest */ = {
			isa = PBXGroup;
			children = (
				FF512DDA1C866CCA00679985 /* AppDelegate.h */,
				FF512DDB1C866CCA00679985 /* AppDelegate.m */,
				FF512DDD1C866CCA00679985 /* ViewController.h */,
				FF512DDE1C866CCA00679985 /* ViewController.m */,
				FF512DE01C866CCA00679985 /* Main.storyboard */,
				FF512DE31C866CCA00679985 /* Assets.xcassets */,
				FF512DE51C866CCA00679985 /* LaunchScreen.storyboard */,
				FF512DE81C866CCA00679985 /* Info.plist */,
				FF512DD71C866CCA00679985 /* Supporting Files */,
				FF512E0C1C866D3000679985 /* DBManager.h */,
				FF512E0D1C866D3000679985 /* DBManager.m */,
				3EDF05CE1C8739B60090385E /* ContacsManager.h */,
				3EDF05CF1C8739B60090385E /* ContacsManager.m */,
			);
			path = DatabaseTest;
			sourceTree = "<group>";
		};
		FF512DD71C866CCA00679985 /* Supporting Files */ = {
			isa = PBXGroup;
			children = (
				FF512DD81C866CCA00679985 /* main.m */,
			);
			name = "Supporting Files";
			sourceTree = "<group>";
		};
		FF512DF01C866CCA00679985 /* DatabaseTestTests */ = {
			isa = PBXGroup;
			children = (
				FF512DF11C866CCA00679985 /* DatabaseTestTests.m */,
				FF512DF31C866CCA00679985 /* Info.plist */,
			);
			path = DatabaseTestTests;
			sourceTree = "<group>";
		};
		FF512DFB1C866CCA00679985 /* DatabaseTestUITests */ = {
			isa = PBXGroup;
			children = (
				FF512DFC1C866CCA00679985 /* DatabaseTestUITests.m */,
				FF512DFE1C866CCA00679985 /* Info.plist */,
			);
			path = DatabaseTestUITests;
			sourceTree = "<group>";
		};
/* End PBXGroup section */

/* Begin PBXNativeTarget section */
		FF512DD31C866CCA00679985 /* DatabaseTest */ = {
			isa = PBXNativeTarget;
			buildConfigurationList = FF512E011C866CCA00679985 /* Build configuration list for PBXNativeTarget "DatabaseTest" */;
			buildPhases = (
				FF512DD01C866CCA00679985 /* Sources */,
				FF512DD11C866CCA00679985 /* Frameworks */,
				FF512DD21C866CCA00679985 /* Resources */,
			);
			buildRules = (
			);
			dependencies = (
			);
			name = DatabaseTest;
			productName = DatabaseTest;
			productReference = FF512DD41C866CCA00679985 /* DatabaseTest.app */;
			productType = "com.apple.product-type.application";
		};
		FF512DEC1C866CCA00679985 /* DatabaseTestTests */ = {
			isa = PBXNativeTarget;
			buildConfigurationList = FF512E041C866CCA00679985 /* Build configuration list for PBXNativeTarget "DatabaseTestTests" */;
			buildPhases = (
				FF512DE91C866CCA00679985 /* Sources */,
				FF512DEA1C866CCA00679985 /* Frameworks */,
				FF512DEB1C866CCA00679985 /* Resources */,
			);
			buildRules = (
			);
			dependencies = (
				FF512DEF1C866CCA00679985 /* PBXTargetDependency */,
			);
			name = DatabaseTestTests;
			productName = DatabaseTestTests;
			productReference = FF512DED1C866CCA00679985 /* DatabaseTestTests.xctest */;
			productType = "com.apple.product-type.bundle.unit-test";
		};
		FF512DF71C866CCA00679985 /* DatabaseTestUITests */ = {
			isa = PBXNativeTarget;
			buildConfigurationList = FF512E071C866CCA00679985 /* Build configuration list for PBXNativeTarget "DatabaseTestUITests" */;
			buildPhases = (
				FF512DF41C866CCA00679985 /* Sources */,
				FF512DF51C866CCA00679985 /* Frameworks */,
				FF512DF61C866CCA00679985 /* Resources */,
			);
			buildRules = (
			);
			dependencies = (
				FF512DFA1C866CCA00679985 /* PBXTargetDependency */,
			);
			name = DatabaseTestUITests;
			productName = DatabaseTestUITests;
			productReference = FF512DF81C866CCA00679985 /* DatabaseTestUITests.xctest */;
			productType = "com.apple.product-type.bundle.ui-testing";
		};
/* End PBXNativeTarget section */

/* Begin PBXProject section */
		FF512DCC1C866CCA00679985 /* Project object */ = {
			isa = PBXProject;
			attributes = {
				LastUpgradeCheck = 0720;
				ORGANIZATIONNAME = "Oscar David Gallon Rosero";
				TargetAttributes = {
					FF512DD31C866CCA00679985 = {
						CreatedOnToolsVersion = 7.2.1;
						DevelopmentTeam = THG6WBFYB2;
					};
					FF512DEC1C866CCA00679985 = {
						CreatedOnToolsVersion = 7.2.1;
						TestTargetID = FF512DD31C866CCA00679985;
					};
					FF512DF71C866CCA00679985 = {
						CreatedOnToolsVersion = 7.2.1;
						TestTargetID = FF512DD31C866CCA00679985;
					};
				};
			};
			buildConfigurationList = FF512DCF1C866CCA00679985 /* Build configuration list for PBXProject "DatabaseTest" */;
			compatibilityVersion = "Xcode 3.2";
			developmentRegion = English;
			hasScannedForEncodings = 0;
			knownRegions = (
				en,
				Base,
			);
			mainGroup = FF512DCB1C866CCA00679985;
			productRefGroup = FF512DD51C866CCA00679985 /* Products */;
			projectDirPath = "";
			projectRoot = "";
			targets = (
				FF512DD31C866CCA00679985 /* DatabaseTest */,
				FF512DEC1C866CCA00679985 /* DatabaseTestTests */,
				FF512DF71C866CCA00679985 /* DatabaseTestUITests */,
			);
		};
/* End PBXProject section */

/* Begin PBXResourcesBuildPhase section */
		FF512DD21C866CCA00679985 /* Resources */ = {
			isa = PBXResourcesBuildPhase;
			buildActionMask = 2147483647;
			files = (
				FF512DE71C866CCA00679985 /* LaunchScreen.storyboard in Resources */,
				FF512DE41C866CCA00679985 /* Assets.xcassets in Resources */,
				FF512DE21C866CCA00679985 /* Main.storyboard in Resources */,
			);
			runOnlyForDeploymentPostprocessing = 0;
		};
		FF512DEB1C866CCA00679985 /* Resources */ = {
			isa = PBXResourcesBuildPhase;
			buildActionMask = 2147483647;
			files = (
			);
			runOnlyForDeploymentPostprocessing = 0;
		};
		FF512DF61C866CCA00679985 /* Resources */ = {
			isa = PBXResourcesBuildPhase;
			buildActionMask = 2147483647;
			files = (
			);
			runOnlyForDeploymentPostprocessing = 0;
		};
/* End PBXResourcesBuildPhase section */

/* Begin PBXSourcesBuildPhase section */
		FF512DD01C866CCA00679985 /* Sources */ = {
			isa = PBXSourcesBuildPhase;
			buildActionMask = 2147483647;
			files = (
				3EDF05D01C8739B60090385E /* ContacsManager.m in Sources */,
				FF512DDF1C866CCA00679985 /* ViewController.m in Sources */,
				FF512DDC1C866CCA00679985 /* AppDelegate.m in Sources */,
				FF512DD91C866CCA00679985 /* main.m in Sources */,
				FF512E0E1C866D3000679985 /* DBManager.m in Sources */,
			);
			runOnlyForDeploymentPostprocessing = 0;
		};
		FF512DE91C866CCA00679985 /* Sources */ = {
			isa = PBXSourcesBuildPhase;
			buildActionMask = 2147483647;
			files = (
				FF512DF21C866CCA00679985 /* DatabaseTestTests.m in Sources */,
			);
			runOnlyForDeploymentPostprocessing = 0;
		};
		FF512DF41C866CCA00679985 /* Sources */ = {
			isa = PBXSourcesBuildPhase;
			buildActionMask = 2147483647;
			files = (
				FF512DFD1C866CCA00679985 /* DatabaseTestUITests.m in Sources */,
			);
			runOnlyForDeploymentPostprocessing = 0;
		};
/* End PBXSourcesBuildPhase section */

/* Begin PBXTargetDependency section */
		FF512DEF1C866CCA00679985 /* PBXTargetDependency */ = {
			isa = PBXTargetDependency;
			target = FF512DD31C866CCA00679985 /* DatabaseTest */;
			targetProxy = FF512DEE1C866CCA00679985 /* PBXContainerItemProxy */;
		};
		FF512DFA1C866CCA00679985 /* PBXTargetDependency */ = {
			isa = PBXTargetDependency;
			target = FF512DD31C866CCA00679985 /* DatabaseTest */;
			targetProxy = FF512DF91C866CCA00679985 /* PBXContainerItemProxy */;
		};
/* End PBXTargetDependency section */

/* Begin PBXVariantGroup section */
		FF512DE01C866CCA00679985 /* Main.storyboard */ = {
			isa = PBXVariantGroup;
			children = (
				FF512DE11C866CCA00679985 /* Base */,
			);
			name = Main.storyboard;
			sourceTree = "<group>";
		};
		FF512DE51C866CCA00679985 /* LaunchScreen.storyboard */ = {
			isa = PBXVariantGroup;
			children = (
				FF512DE61C866CCA00679985 /* Base */,
			);
			name = LaunchScreen.storyboard;
			sourceTree = "<group>";
		};
/* End PBXVariantGroup section */

/* Begin XCBuildConfiguration section */
		FF512DFF1C866CCA00679985 /* Debug */ = {
			isa = XCBuildConfiguration;
			buildSettings = {
				ALWAYS_SEARCH_USER_PATHS = NO;
				CLANG_CXX_LANGUAGE_STANDARD = "gnu++0x";
				CLANG_CXX_LIBRARY = "libc++";
				CLANG_ENABLE_MODULES = YES;
				CLANG_ENABLE_OBJC_ARC = YES;
				CLANG_WARN_BOOL_CONVERSION = YES;
				CLANG_WARN_CONSTANT_CONVERSION = YES;
				CLANG_WARN_DIRECT_OBJC_ISA_USAGE = YES_ERROR;
				CLANG_WARN_EMPTY_BODY = YES;
				CLANG_WARN_ENUM_CONVERSION = YES;
				CLANG_WARN_INT_CONVERSION = YES;
				CLANG_WARN_OBJC_ROOT_CLASS = YES_ERROR;
				CLANG_WARN_UNREACHABLE_CODE = YES;
				CLANG_WARN__DUPLICATE_METHOD_MATCH = YES;
				"CODE_SIGN_IDENTITY[sdk=iphoneos*]" = "iPhone Developer";
				COPY_PHASE_STRIP = NO;
				DEBUG_INFORMATION_FORMAT = dwarf;
				ENABLE_STRICT_OBJC_MSGSEND = YES;
				ENABLE_TESTABILITY = YES;
				GCC_C_LANGUAGE_STANDARD = gnu99;
				GCC_DYNAMIC_NO_PIC = NO;
				GCC_NO_COMMON_BLOCKS = YES;
				GCC_OPTIMIZATION_LEVEL = 0;
				GCC_PREPROCESSOR_DEFINITIONS = (
					"DEBUG=1",
					"$(inherited)",
				);
				GCC_WARN_64_TO_32_BIT_CONVERSION = YES;
				GCC_WARN_ABOUT_RETURN_TYPE = YES_ERROR;
				GCC_WARN_UNDECLARED_SELECTOR = YES;
				GCC_WARN_UNINITIALIZED_AUTOS = YES_AGGRESSIVE;
				GCC_WARN_UNUSED_FUNCTION = YES;
				GCC_WARN_UNUSED_VARIABLE = YES;
				IPHONEOS_DEPLOYMENT_TARGET = 9.2;
				MTL_ENABLE_DEBUG_INFO = YES;
				ONLY_ACTIVE_ARCH = YES;
				SDKROOT = iphoneos;
				TARGETED_DEVICE_FAMILY = "1,2";
			};
			name = Debug;
		};
		FF512E001C866CCA00679985 /* Release */ = {
			isa = XCBuildConfiguration;
			buildSettings = {
				ALWAYS_SEARCH_USER_PATHS = NO;
				CLANG_CXX_LANGUAGE_STANDARD = "gnu++0x";
				CLANG_CXX_LIBRARY = "libc++";
				CLANG_ENABLE_MODULES = YES;
				CLANG_ENABLE_OBJC_ARC = YES;
				CLANG_WARN_BOOL_CONVERSION = YES;
				CLANG_WARN_CONSTANT_CONVERSION = YES;
				CLANG_WARN_DIRECT_OBJC_ISA_USAGE = YES_ERROR;
				CLANG_WARN_EMPTY_BODY = YES;
				CLANG_WARN_ENUM_CONVERSION = YES;
				CLANG_WARN_INT_CONVERSION = YES;
				CLANG_WARN_OBJC_ROOT_CLASS = YES_ERROR;
				CLANG_WARN_UNREACHABLE_CODE = YES;
				CLANG_WARN__DUPLICATE_METHOD_MATCH = YES;
				"CODE_SIGN_IDENTITY[sdk=iphoneos*]" = "iPhone Developer";
				COPY_PHASE_STRIP = NO;
				DEBUG_INFORMATION_FORMAT = "dwarf-with-dsym";
				ENABLE_NS_ASSERTIONS = NO;
				ENABLE_STRICT_OBJC_MSGSEND = YES;
				GCC_C_LANGUAGE_STANDARD = gnu99;
				GCC_NO_COMMON_BLOCKS = YES;
				GCC_WARN_64_TO_32_BIT_CONVERSION = YES;
				GCC_WARN_ABOUT_RETURN_TYPE = YES_ERROR;
				GCC_WARN_UNDECLARED_SELECTOR = YES;
				GCC_WARN_UNINITIALIZED_AUTOS = YES_AGGRESSIVE;
				GCC_WARN_UNUSED_FUNCTION = YES;
				GCC_WARN_UNUSED_VARIABLE = YES;
				IPHONEOS_DEPLOYMENT_TARGET = 9.2;
				MTL_ENABLE_DEBUG_INFO = NO;
				SDKROOT = iphoneos;
				TARGETED_DEVICE_FAMILY = "1,2";
				VALIDATE_PRODUCT = YES;
			};
			name = Release;
		};
		FF512E021C866CCA00679985 /* Debug */ = {
			isa = XCBuildConfiguration;
			buildSettings = {
				ASSETCATALOG_COMPILER_APPICON_NAME = AppIcon;
				CODE_SIGN_IDENTITY = "iPhone Developer";
				ENABLE_BITCODE = NO;
				INFOPLIST_FILE = DatabaseTest/Info.plist;
				IPHONEOS_DEPLOYMENT_TARGET = 9.1;
				LD_RUNPATH_SEARCH_PATHS = "$(inherited) @executable_path/Frameworks";
				PRODUCT_BUNDLE_IDENTIFIER = co.com.DatabaseTest;
				PRODUCT_NAME = "$(TARGET_NAME)";
			};
			name = Debug;
		};
		FF512E031C866CCA00679985 /* Release */ = {
			isa = XCBuildConfiguration;
			buildSettings = {
				ASSETCATALOG_COMPILER_APPICON_NAME = AppIcon;
				CODE_SIGN_IDENTITY = "iPhone Developer";
				ENABLE_BITCODE = NO;
				INFOPLIST_FILE = DatabaseTest/Info.plist;
				IPHONEOS_DEPLOYMENT_TARGET = 9.1;
				LD_RUNPATH_SEARCH_PATHS = "$(inherited) @executable_path/Frameworks";
				PRODUCT_BUNDLE_IDENTIFIER = co.com.DatabaseTest;
				PRODUCT_NAME = "$(TARGET_NAME)";
			};
			name = Release;
		};
		FF512E051C866CCA00679985 /* Debug */ = {
			isa = XCBuildConfiguration;
			buildSettings = {
				BUNDLE_LOADER = "$(TEST_HOST)";
				INFOPLIST_FILE = DatabaseTestTests/Info.plist;
				LD_RUNPATH_SEARCH_PATHS = "$(inherited) @executable_path/Frameworks @loader_path/Frameworks";
				PRODUCT_BUNDLE_IDENTIFIER = co.com.DatabaseTestTests;
				PRODUCT_NAME = "$(TARGET_NAME)";
				TEST_HOST = "$(BUILT_PRODUCTS_DIR)/DatabaseTest.app/DatabaseTest";
			};
			name = Debug;
		};
		FF512E061C866CCA00679985 /* Release */ = {
			isa = XCBuildConfiguration;
			buildSettings = {
				BUNDLE_LOADER = "$(TEST_HOST)";
				INFOPLIST_FILE = DatabaseTestTests/Info.plist;
				LD_RUNPATH_SEARCH_PATHS = "$(inherited) @executable_path/Frameworks @loader_path/Frameworks";
				PRODUCT_BUNDLE_IDENTIFIER = co.com.DatabaseTestTests;
				PRODUCT_NAME = "$(TARGET_NAME)";
				TEST_HOST = "$(BUILT_PRODUCTS_DIR)/DatabaseTest.app/DatabaseTest";
			};
			name = Release;
		};
		FF512E081C866CCA00679985 /* Debug */ = {
			isa = XCBuildConfiguration;
			buildSettings = {
				INFOPLIST_FILE = DatabaseTestUITests/Info.plist;
				LD_RUNPATH_SEARCH_PATHS = "$(inherited) @executable_path/Frameworks @loader_path/Frameworks";
				PRODUCT_BUNDLE_IDENTIFIER = co.com.DatabaseTestUITests;
				PRODUCT_NAME = "$(TARGET_NAME)";
				TEST_TARGET_NAME = DatabaseTest;
				USES_XCTRUNNER = YES;
			};
			name = Debug;
		};
		FF512E091C866CCA00679985 /* Release */ = {
			isa = XCBuildConfiguration;
			buildSettings = {
				INFOPLIST_FILE = DatabaseTestUITests/Info.plist;
				LD_RUNPATH_SEARCH_PATHS = "$(inherited) @executable_path/Frameworks @loader_path/Frameworks";
				PRODUCT_BUNDLE_IDENTIFIER = co.com.DatabaseTestUITests;
				PRODUCT_NAME = "$(TARGET_NAME)";
				TEST_TARGET_NAME = DatabaseTest;
				USES_XCTRUNNER = YES;
			};
			name = Release;
		};
/* End XCBuildConfiguration section */

/* Begin XCConfigurationList section */
		FF512DCF1C866CCA00679985 /* Build configuration list for PBXProject "DatabaseTest" */ = {
			isa = XCConfigurationList;
			buildConfigurations = (
				FF512DFF1C866CCA00679985 /* Debug */,
				FF512E001C866CCA00679985 /* Release */,
			);
			defaultConfigurationIsVisible = 0;
			defaultConfigurationName = Release;
		};
		FF512E011C866CCA00679985 /* Build configuration list for PBXNativeTarget "DatabaseTest" */ = {
			isa = XCConfigurationList;
			buildConfigurations = (
				FF512E021C866CCA00679985 /* Debug */,
				FF512E031C866CCA00679985 /* Release */,
			);
			defaultConfigurationIsVisible = 0;
			defaultConfigurationName = Release;
		};
		FF512E041C866CCA00679985 /* Build configuration list for PBXNativeTarget "DatabaseTestTests" */ = {
			isa = XCConfigurationList;
			buildConfigurations = (
				FF512E051C866CCA00679985 /* Debug */,
				FF512E061C866CCA00679985 /* Release */,
			);
			defaultConfigurationIsVisible = 0;
			defaultConfigurationName = Release;
		};
		FF512E071C866CCA00679985 /* Build configuration list for PBXNativeTarget "DatabaseTestUITests" */ = {
			isa = XCConfigurationList;
			buildConfigurations = (
				FF512E081C866CCA00679985 /* Debug */,
				FF512E091C866CCA00679985 /* Release */,
			);
			defaultConfigurationIsVisible = 0;
			defaultConfigurationName = Release;
		};
/* End XCConfigurationList section */
	};
	rootObject = FF512DCC1C866CCA00679985 /* Project object */;
}
